{
  "name": "security-flow-designer",
  "version": "1.0.0",
  "lockfileVersion": 3,
  "requires": true,
  "packages": {
    "": {
      "name": "security-flow-designer",
      "version": "1.0.0",
      "license": "ISC",
      "dependencies": {
        "@antv/x6": "^2.18.1"
      }
    },
    "node_modules/@antv/x6": {
      "version": "2.18.1",
      "resolved": "https://registry.npmjs.org/@antv/x6/-/x6-2.18.1.tgz",
      "integrity": "sha512-FkWdbLOpN9J7dfJ+kiBxzowSx2N6syBily13NMVdMs+wqC6Eo5sLXWCZjQHateTFWgFw7ZGi2y9o3Pmdov1sXw==",
      "dependencies": {
        "@antv/x6-common": "^2.0.16",
        "@antv/x6-geometry": "^2.0.5",
        "utility-types": "^3.10.0"
      }
    },
    "node_modules/@antv/x6-common": {
      "version": "2.0.17",
      "resolved": "https://registry.npmjs.org/@antv/x6-common/-/x6-common-2.0.17.tgz",
      "integrity": "sha512-37g7vmRkNdYzZPdwjaMSZEGv/MMH0S4r70/Jwoab1mioycmuIBN73iyziX8m56BvJSDucZ3J/6DU07otWqzS6A==",
      "dependencies": {
        "lodash-es": "^4.17.15",
        "utility-types": "^3.10.0"
      }
    },
    "node_modules/@antv/x6-geometry": {
      "version": "2.0.5",
      "resolved": "https://registry.npmjs.org/@antv/x6-geometry/-/x6-geometry-2.0.5.tgz",
      "integrity": "sha512-MId6riEQkxphBpVeTcL4ZNXL4lScyvDEPLyIafvWMcWNTGK0jgkK7N20XSzqt8ltJb0mGUso5s56mrk8ysHu2A=="
    },
    "node_modules/lodash-es": {
      "version": "4.17.21",
      "resolved": "https://registry.npmjs.org/lodash-es/-/lodash-es-4.17.21.tgz",
      "integrity": "sha512-mKnC+QJ9pWVzv+C4/U3rRsHapFfHvQFoFB92e52xeyGMcX6/OlIl78je1u8vePzYZSkkogMPJ2yjxxsb89cxyw=="
    },
    "node_modules/utility-types": {
      "version": "3.11.0",
      "resolved": "https://registry.npmjs.org/utility-types/-/utility-types-3.11.0.tgz",
      "integrity": "sha512-6Z7Ma2aVEWisaL6TvBCy7P8rm2LQoPv6dJ7ecIaIixHcwfbJ0x7mWdbcwlIM5IGQxPZSFYeqRCqlOOeKoJYMkw==",
      "engines": {
        "node": ">= 4"
      }
    }
  }
}
